
Microsoft Visual Studio Solution File, Format Version 12.00
# Visual Studio Version 17
VisualStudioVersion = 17.1.32210.238
MinimumVisualStudioVersion = 10.0.40219.1
Project("{FAE04EC0-301F-11D3-BF4B-00C04F79EFBC}") = "namdemocoreapi", "namdemocoreapi\namdemocoreapi.csproj", "{449BF820-628F-47F1-855B-3B0798B0ADC8}"
EndProject
Global
	GlobalSection(SolutionConfigurationPlatforms) = preSolution
		Debug|Any CPU = Debug|Any CPU
		Release|Any CPU = Release|Any CPU
	EndGlobalSection
	GlobalSection(ProjectConfigurationPlatforms) = postSolution
		{449BF820-628F-47F1-855B-3B0798B0ADC8}.Debug|Any CPU.ActiveCfg = Debug|Any CPU
		{449BF820-628F-47F1-855B-3B0798B0ADC8}.Debug|Any CPU.Build.0 = Debug|Any CPU
		{449BF820-628F-47F1-855B-3B0798B0ADC8}.Release|Any CPU.ActiveCfg = Release|Any CPU
		{449BF820-628F-47F1-855B-3B0798B0ADC8}.Release|Any CPU.Build.0 = Release|Any CPU
	EndGlobalSection
	GlobalSection(SolutionProperties) = preSolution
		HideSolutionNode = FALSE
	EndGlobalSection
	GlobalSection(ExtensibilityGlobals) = postSolution
		SolutionGuid = {0863DC57-4438-4CC7-B39A-AD75139D0C24}
	EndGlobalSection
EndGlobal
